// !$*UTF8*$!
{
	archiveVersion = 1;
	classes = {
	};
	objectVersion = 55;
	objects = {

/* Begin PBXBuildFile section */
		21EE9507B54660DA7291873D /* Pods_ViperTemplateExample.framework in Frameworks */ = {isa = PBXBuildFile; fileRef = 09A5F7182B4390863E74B492 /* Pods_ViperTemplateExample.framework */; };
		F2B33F00278F57FC003DC784 /* AppDelegate.swift in Sources */ = {isa = PBXBuildFile; fileRef = F2B33EFF278F57FC003DC784 /* AppDelegate.swift */; };
		F2B33F02278F57FC003DC784 /* SceneDelegate.swift in Sources */ = {isa = PBXBuildFile; fileRef = F2B33F01278F57FC003DC784 /* SceneDelegate.swift */; };
		F2B33F04278F57FC003DC784 /* ViewController.swift in Sources */ = {isa = PBXBuildFile; fileRef = F2B33F03278F57FC003DC784 /* ViewController.swift */; };
		F2B33F07278F57FC003DC784 /* Main.storyboard in Resources */ = {isa = PBXBuildFile; fileRef = F2B33F05278F57FC003DC784 /* Main.storyboard */; };
		F2B33F09278F57FD003DC784 /* Assets.xcassets in Resources */ = {isa = PBXBuildFile; fileRef = F2B33F08278F57FD003DC784 /* Assets.xcassets */; };
		F2B33F0C278F57FD003DC784 /* LaunchScreen.storyboard in Resources */ = {isa = PBXBuildFile; fileRef = F2B33F0A278F57FD003DC784 /* LaunchScreen.storyboard */; };
		F2C35D17278F5AAC00052D07 /* HomeVC.xib in Resources */ = {isa = PBXBuildFile; fileRef = F2C35D11278F5AAC00052D07 /* HomeVC.xib */; };
		F2C35D18278F5AAC00052D07 /* HomePresenter.swift in Sources */ = {isa = PBXBuildFile; fileRef = F2C35D12278F5AAC00052D07 /* HomePresenter.swift */; };
		F2C35D19278F5AAC00052D07 /* HomeRouter.swift in Sources */ = {isa = PBXBuildFile; fileRef = F2C35D13278F5AAC00052D07 /* HomeRouter.swift */; };
		F2C35D1A278F5AAC00052D07 /* HomeInteractor.swift in Sources */ = {isa = PBXBuildFile; fileRef = F2C35D14278F5AAC00052D07 /* HomeInteractor.swift */; };
		F2C35D1B278F5AAC00052D07 /* HomeProtocol.swift in Sources */ = {isa = PBXBuildFile; fileRef = F2C35D15278F5AAC00052D07 /* HomeProtocol.swift */; };
		F2C35D1C278F5AAC00052D07 /* HomeVC.swift in Sources */ = {isa = PBXBuildFile; fileRef = F2C35D16278F5AAC00052D07 /* HomeVC.swift */; };
/* End PBXBuildFile section */

/* Begin PBXFileReference section */
		09A5F7182B4390863E74B492 /* Pods_ViperTemplateExample.framework */ = {isa = PBXFileReference; explicitFileType = wrapper.framework; includeInIndex = 0; path = Pods_ViperTemplateExample.framework; sourceTree = BUILT_PRODUCTS_DIR; };
		1D0830B4886EC8497DB7FE33 /* Pods-ViperTemplateExample.debug.xcconfig */ = {isa = PBXFileReference; includeInIndex = 1; lastKnownFileType = text.xcconfig; name = "Pods-ViperTemplateExample.debug.xcconfig"; path = "Target Support Files/Pods-ViperTemplateExample/Pods-ViperTemplateExample.debug.xcconfig"; sourceTree = "<group>"; };
		4357E06CACD9D5D0FE541FB1 /* Pods-ViperTemplateExample.release.xcconfig */ = {isa = PBXFileReference; includeInIndex = 1; lastKnownFileType = text.xcconfig; name = "Pods-ViperTemplateExample.release.xcconfig"; path = "Target Support Files/Pods-ViperTemplateExample/Pods-ViperTemplateExample.release.xcconfig"; sourceTree = "<group>"; };
		F2B33EFC278F57FC003DC784 /* ViperTemplateExample.app */ = {isa = PBXFileReference; explicitFileType = wrapper.application; includeInIndex = 0; path = ViperTemplateExample.app; sourceTree = BUILT_PRODUCTS_DIR; };
		F2B33EFF278F57FC003DC784 /* AppDelegate.swift */ = {isa = PBXFileReference; lastKnownFileType = sourcecode.swift; path = AppDelegate.swift; sourceTree = "<group>"; };
		F2B33F01278F57FC003DC784 /* SceneDelegate.swift */ = {isa = PBXFileReference; lastKnownFileType = sourcecode.swift; path = SceneDelegate.swift; sourceTree = "<group>"; };
		F2B33F03278F57FC003DC784 /* ViewController.swift */ = {isa = PBXFileReference; lastKnownFileType = sourcecode.swift; path = ViewController.swift; sourceTree = "<group>"; };
		F2B33F06278F57FC003DC784 /* Base */ = {isa = PBXFileReference; lastKnownFileType = file.storyboard; name = Base; path = Base.lproj/Main.storyboard; sourceTree = "<group>"; };
		F2B33F08278F57FD003DC784 /* Assets.xcassets */ = {isa = PBXFileReference; lastKnownFileType = folder.assetcatalog; path = Assets.xcassets; sourceTree = "<group>"; };
		F2B33F0B278F57FD003DC784 /* Base */ = {isa = PBXFileReference; lastKnownFileType = file.storyboard; name = Base; path = Base.lproj/LaunchScreen.storyboard; sourceTree = "<group>"; };
		F2B33F0D278F57FD003DC784 /* Info.plist */ = {isa = PBXFileReference; lastKnownFileType = text.plist.xml; path = Info.plist; sourceTree = "<group>"; };
		F2C35D11278F5AAC00052D07 /* HomeVC.xib */ = {isa = PBXFileReference; lastKnownFileType = file.xib; path = HomeVC.xib; sourceTree = "<group>"; };
		F2C35D12278F5AAC00052D07 /* HomePresenter.swift */ = {isa = PBXFileReference; lastKnownFileType = sourcecode.swift; path = HomePresenter.swift; sourceTree = "<group>"; };
		F2C35D13278F5AAC00052D07 /* HomeRouter.swift */ = {isa = PBXFileReference; lastKnownFileType = sourcecode.swift; path = HomeRouter.swift; sourceTree = "<group>"; };
		F2C35D14278F5AAC00052D07 /* HomeInteractor.swift */ = {isa = PBXFileReference; lastKnownFileType = sourcecode.swift; path = HomeInteractor.swift; sourceTree = "<group>"; };
		F2C35D15278F5AAC00052D07 /* HomeProtocol.swift */ = {isa = PBXFileReference; lastKnownFileType = sourcecode.swift; path = HomeProtocol.swift; sourceTree = "<group>"; };
		F2C35D16278F5AAC00052D07 /* HomeVC.swift */ = {isa = PBXFileReference; lastKnownFileType = sourcecode.swift; path = HomeVC.swift; sourceTree = "<group>"; };
/* End PBXFileReference section */

/* Begin PBXFrameworksBuildPhase section */
		F2B33EF9278F57FC003DC784 /* Frameworks */ = {
			isa = PBXFrameworksBuildPhase;
			buildActionMask = 2147483647;
			files = (
				21EE9507B54660DA7291873D /* Pods_ViperTemplateExample.framework in Frameworks */,
			);
			runOnlyForDeploymentPostprocessing = 0;
		};
/* End PBXFrameworksBuildPhase section */

/* Begin PBXGroup section */
		373A427A8A134EF3F99ACC03 /* Frameworks */ = {
			isa = PBXGroup;
			children = (
				09A5F7182B4390863E74B492 /* Pods_ViperTemplateExample.framework */,
			);
			name = Frameworks;
			sourceTree = "<group>";
		};
		AB3C48CC861F89703EBE4815 /* Pods */ = {
			isa = PBXGroup;
			children = (
				1D0830B4886EC8497DB7FE33 /* Pods-ViperTemplateExample.debug.xcconfig */,
				4357E06CACD9D5D0FE541FB1 /* Pods-ViperTemplateExample.release.xcconfig */,
			);
			path = Pods;
			sourceTree = "<group>";
		};
		F2B33EF3278F57FC003DC784 = {
			isa = PBXGroup;
			children = (
				F2B33EFE278F57FC003DC784 /* ViperTemplateExample */,
				F2B33EFD278F57FC003DC784 /* Products */,
				AB3C48CC861F89703EBE4815 /* Pods */,
				373A427A8A134EF3F99ACC03 /* Frameworks */,
			);
			sourceTree = "<group>";
		};
		F2B33EFD278F57FC003DC784 /* Products */ = {
			isa = PBXGroup;
			children = (
				F2B33EFC278F57FC003DC784 /* ViperTemplateExample.app */,
			);
			name = Products;
			sourceTree = "<group>";
		};
		F2B33EFE278F57FC003DC784 /* ViperTemplateExample */ = {
			isa = PBXGroup;
			children = (
				F2B33EFF278F57FC003DC784 /* AppDelegate.swift */,
				F2B33F13278F5808003DC784 /* Home */,
				F2B33F01278F57FC003DC784 /* SceneDelegate.swift */,
				F2B33F03278F57FC003DC784 /* ViewController.swift */,
				F2B33F05278F57FC003DC784 /* Main.storyboard */,
				F2B33F08278F57FD003DC784 /* Assets.xcassets */,
				F2B33F0A278F57FD003DC784 /* LaunchScreen.storyboard */,
				F2B33F0D278F57FD003DC784 /* Info.plist */,
			);
			path = ViperTemplateExample;
			sourceTree = "<group>";
		};
		F2B33F13278F5808003DC784 /* Home */ = {
			isa = PBXGroup;
			children = (
				F2C35D11278F5AAC00052D07 /* HomeVC.xib */,
				F2C35D12278F5AAC00052D07 /* HomePresenter.swift */,
				F2C35D13278F5AAC00052D07 /* HomeRouter.swift */,
				F2C35D14278F5AAC00052D07 /* HomeInteractor.swift */,
				F2C35D15278F5AAC00052D07 /* HomeProtocol.swift */,
				F2C35D16278F5AAC00052D07 /* HomeVC.swift */,
			);
			path = Home;
			sourceTree = "<group>";
		};
/* End PBXGroup section */

/* Begin PBXNativeTarget section */
		F2B33EFB278F57FC003DC784 /* ViperTemplateExample */ = {
			isa = PBXNativeTarget;
			buildConfigurationList = F2B33F10278F57FD003DC784 /* Build configuration list for PBXNativeTarget "ViperTemplateExample" */;
			buildPhases = (
				AB3A4B05299506B082AD933A /* [CP] Check Pods Manifest.lock */,
				F2B33EF8278F57FC003DC784 /* Sources */,
				F2B33EF9278F57FC003DC784 /* Frameworks */,
				F2B33EFA278F57FC003DC784 /* Resources */,
				F2C35D1D278F612600052D07 /* SwiftLint */,
			);
			buildRules = (
			);
			dependencies = (
			);
			name = ViperTemplateExample;
			productName = ViperTemplateExample;
			productReference = F2B33EFC278F57FC003DC784 /* ViperTemplateExample.app */;
			productType = "com.apple.product-type.application";
		};
/* End PBXNativeTarget section */

/* Begin PBXProject section */
		F2B33EF4278F57FC003DC784 /* Project object */ = {
			isa = PBXProject;
			attributes = {
				BuildIndependentTargetsInParallel = 1;
				LastSwiftUpdateCheck = 1320;
				LastUpgradeCheck = 1320;
				TargetAttributes = {
					F2B33EFB278F57FC003DC784 = {
						CreatedOnToolsVersion = 13.2.1;
					};
				};
			};
			buildConfigurationList = F2B33EF7278F57FC003DC784 /* Build configuration list for PBXProject "ViperTemplateExample" */;
			compatibilityVersion = "Xcode 13.0";
			developmentRegion = en;
			hasScannedForEncodings = 0;
			knownRegions = (
				en,
				Base,
			);
			mainGroup = F2B33EF3278F57FC003DC784;
			productRefGroup = F2B33EFD278F57FC003DC784 /* Products */;
			projectDirPath = "";
			projectRoot = "";
			targets = (
				F2B33EFB278F57FC003DC784 /* ViperTemplateExample */,
			);
		};
/* End PBXProject section */

/* Begin PBXResourcesBuildPhase section */
		F2B33EFA278F57FC003DC784 /* Resources */ = {
			isa = PBXResourcesBuildPhase;
			buildActionMask = 2147483647;
			files = (
				F2B33F0C278F57FD003DC784 /* LaunchScreen.storyboard in Resources */,
				F2C35D17278F5AAC00052D07 /* HomeVC.xib in Resources */,
				F2B33F09278F57FD003DC784 /* Assets.xcassets in Resources */,
				F2B33F07278F57FC003DC784 /* Main.storyboard in Resources */,
			);
			runOnlyForDeploymentPostprocessing = 0;
		};
/* End PBXResourcesBuildPhase section */

/* Begin PBXShellScriptBuildPhase section */
		AB3A4B05299506B082AD933A /* [CP] Check Pods Manifest.lock */ = {
			isa = PBXShellScriptBuildPhase;
			buildActionMask = 2147483647;
			files = (
			);
			inputFileListPaths = (
			);
			inputPaths = (
				"${PODS_PODFILE_DIR_PATH}/Podfile.lock",
				"${PODS_ROOT}/Manifest.lock",
			);
			name = "[CP] Check Pods Manifest.lock";
			outputFileListPaths = (
			);
			outputPaths = (
				"$(DERIVED_FILE_DIR)/Pods-ViperTemplateExample-checkManifestLockResult.txt",
			);
			runOnlyForDeploymentPostprocessing = 0;
			shellPath = /bin/sh;
			shellScript = "diff \"${PODS_PODFILE_DIR_PATH}/Podfile.lock\" \"${PODS_ROOT}/Manifest.lock\" > /dev/null\nif [ $? != 0 ] ; then\n    # print error to STDERR\n    echo \"error: The sandbox is not in sync with the Podfile.lock. Run 'pod install' or update your CocoaPods installation.\" >&2\n    exit 1\nfi\n# This output is used by Xcode 'outputs' to avoid re-running this script phase.\necho \"SUCCESS\" > \"${SCRIPT_OUTPUT_FILE_0}\"\n";
			showEnvVarsInLog = 0;
		};
		F2C35D1D278F612600052D07 /* SwiftLint */ = {
			isa = PBXShellScriptBuildPhase;
			buildActionMask = 2147483647;
			files = (
			);
			inputFileListPaths = (
			);
			inputPaths = (
			);
			name = SwiftLint;
			outputFileListPaths = (
			);
			outputPaths = (
			);
			runOnlyForDeploymentPostprocessing = 0;
			shellPath = /bin/sh;
			shellScript = "${PODS_ROOT}/SwiftLint/swiftlint --fix && ${PODS_ROOT}/SwiftLint/swiftlint\n";
		};
/* End PBXShellScriptBuildPhase section */

/* Begin PBXSourcesBuildPhase section */
		F2B33EF8278F57FC003DC784 /* Sources */ = {
			isa = PBXSourcesBuildPhase;
			buildActionMask = 2147483647;
			files = (
				F2C35D1B278F5AAC00052D07 /* HomeProtocol.swift in Sources */,
				F2C35D1C278F5AAC00052D07 /* HomeVC.swift in Sources */,
				F2B33F04278F57FC003DC784 /* ViewController.swift in Sources */,
				F2B33F00278F57FC003DC784 /* AppDelegate.swift in Sources */,
				F2B33F02278F57FC003DC784 /* SceneDelegate.swift in Sources */,
				F2C35D1A278F5AAC00052D07 /* HomeInteractor.swift in Sources */,
				F2C35D18278F5AAC00052D07 /* HomePresenter.swift in Sources */,
				F2C35D19278F5AAC00052D07 /* HomeRouter.swift in Sources */,
			);
			runOnlyForDeploymentPostprocessing = 0;
		};
/* End PBXSourcesBuildPhase section */

/* Begin PBXVariantGroup section */
		F2B33F05278F57FC003DC784 /* Main.storyboard */ = {
			isa = PBXVariantGroup;
			children = (
				F2B33F06278F57FC003DC784 /* Base */,
			);
			name = Main.storyboard;
			sourceTree = "<group>";
		};
		F2B33F0A278F57FD003DC784 /* LaunchScreen.storyboard */ = {
			isa = PBXVariantGroup;
			children = (
				F2B33F0B278F57FD003DC784 /* Base */,
			);
			name = LaunchScreen.storyboard;
			sourceTree = "<group>";
		};
/* End PBXVariantGroup section */

/* Begin XCBuildConfiguration section */
		F2B33F0E278F57FD003DC784 /* Debug */ = {
			isa = XCBuildConfiguration;
			buildSettings = {
				ALWAYS_SEARCH_USER_PATHS = NO;
				CLANG_ANALYZER_NONNULL = YES;
				CLANG_ANALYZER_NUMBER_OBJECT_CONVERSION = YES_AGGRESSIVE;
				CLANG_CXX_LANGUAGE_STANDARD = "gnu++17";
				CLANG_CXX_LIBRARY = "libc++";
				CLANG_ENABLE_MODULES = YES;
				CLANG_ENABLE_OBJC_ARC = YES;
				CLANG_ENABLE_OBJC_WEAK = YES;
				CLANG_WARN_BLOCK_CAPTURE_AUTORELEASING = YES;
				CLANG_WARN_BOOL_CONVERSION = YES;
				CLANG_WARN_COMMA = YES;
				CLANG_WARN_CONSTANT_CONVERSION = YES;
				CLANG_WARN_DEPRECATED_OBJC_IMPLEMENTATIONS = YES;
				CLANG_WARN_DIRECT_OBJC_ISA_USAGE = YES_ERROR;
				CLANG_WARN_DOCUMENTATION_COMMENTS = YES;
				CLANG_WARN_EMPTY_BODY = YES;
				CLANG_WARN_ENUM_CONVERSION = YES;
				CLANG_WARN_INFINITE_RECURSION = YES;
				CLANG_WARN_INT_CONVERSION = YES;
				CLANG_WARN_NON_LITERAL_NULL_CONVERSION = YES;
				CLANG_WARN_OBJC_IMPLICIT_RETAIN_SELF = YES;
				CLANG_WARN_OBJC_LITERAL_CONVERSION = YES;
				CLANG_WARN_OBJC_ROOT_CLASS = YES_ERROR;
				CLANG_WARN_QUOTED_INCLUDE_IN_FRAMEWORK_HEADER = YES;
				CLANG_WARN_RANGE_LOOP_ANALYSIS = YES;
				CLANG_WARN_STRICT_PROTOTYPES = YES;
				CLANG_WARN_SUSPICIOUS_MOVE = YES;
				CLANG_WARN_UNGUARDED_AVAILABILITY = YES_AGGRESSIVE;
				CLANG_WARN_UNREACHABLE_CODE = YES;
				CLANG_WARN__DUPLICATE_METHOD_MATCH = YES;
				COPY_PHASE_STRIP = NO;
				DEBUG_INFORMATION_FORMAT = dwarf;
				ENABLE_STRICT_OBJC_MSGSEND = YES;
				ENABLE_TESTABILITY = YES;
				GCC_C_LANGUAGE_STANDARD = gnu11;
				GCC_DYNAMIC_NO_PIC = NO;
				GCC_NO_COMMON_BLOCKS = YES;
				GCC_OPTIMIZATION_LEVEL = 0;
				GCC_PREPROCESSOR_DEFINITIONS = (
					"DEBUG=1",
					"$(inherited)",
				);
				GCC_WARN_64_TO_32_BIT_CONVERSION = YES;
				GCC_WARN_ABOUT_RETURN_TYPE = YES_ERROR;
				GCC_WARN_UNDECLARED_SELECTOR = YES;
				GCC_WARN_UNINITIALIZED_AUTOS = YES_AGGRESSIVE;
				GCC_WARN_UNUSED_FUNCTION = YES;
				GCC_WARN_UNUSED_VARIABLE = YES;
				IPHONEOS_DEPLOYMENT_TARGET = 15.2;
				MTL_ENABLE_DEBUG_INFO = INCLUDE_SOURCE;
				MTL_FAST_MATH = YES;
				ONLY_ACTIVE_ARCH = YES;
				SDKROOT = iphoneos;
				SWIFT_ACTIVE_COMPILATION_CONDITIONS = DEBUG;
				SWIFT_OPTIMIZATION_LEVEL = "-Onone";
			};
			name = Debug;
		};
		F2B33F0F278F57FD003DC784 /* Release */ = {
			isa = XCBuildConfiguration;
			buildSettings = {
				ALWAYS_SEARCH_USER_PATHS = NO;
				CLANG_ANALYZER_NONNULL = YES;
				CLANG_ANALYZER_NUMBER_OBJECT_CONVERSION = YES_AGGRESSIVE;
				CLANG_CXX_LANGUAGE_STANDARD = "gnu++17";
				CLANG_CXX_LIBRARY = "libc++";
				CLANG_ENABLE_MODULES = YES;
				CLANG_ENABLE_OBJC_ARC = YES;
				CLANG_ENABLE_OBJC_WEAK = YES;
				CLANG_WARN_BLOCK_CAPTURE_AUTORELEASING = YES;
				CLANG_WARN_BOOL_CONVERSION = YES;
				CLANG_WARN_COMMA = YES;
				CLANG_WARN_CONSTANT_CONVERSION = YES;
				CLANG_WARN_DEPRECATED_OBJC_IMPLEMENTATIONS = YES;
				CLANG_WARN_DIRECT_OBJC_ISA_USAGE = YES_ERROR;
				CLANG_WARN_DOCUMENTATION_COMMENTS = YES;
				CLANG_WARN_EMPTY_BODY = YES;
				CLANG_WARN_ENUM_CONVERSION = YES;
				CLANG_WARN_INFINITE_RECURSION = YES;
				CLANG_WARN_INT_CONVERSION = YES;
				CLANG_WARN_NON_LITERAL_NULL_CONVERSION = YES;
				CLANG_WARN_OBJC_IMPLICIT_RETAIN_SELF = YES;
				CLANG_WARN_OBJC_LITERAL_CONVERSION = YES;
				CLANG_WARN_OBJC_ROOT_CLASS = YES_ERROR;
				CLANG_WARN_QUOTED_INCLUDE_IN_FRAMEWORK_HEADER = YES;
				CLANG_WARN_RANGE_LOOP_ANALYSIS = YES;
				CLANG_WARN_STRICT_PROTOTYPES = YES;
				CLANG_WARN_SUSPICIOUS_MOVE = YES;
				CLANG_WARN_UNGUARDED_AVAILABILITY = YES_AGGRESSIVE;
				CLANG_WARN_UNREACHABLE_CODE = YES;
				CLANG_WARN__DUPLICATE_METHOD_MATCH = YES;
				COPY_PHASE_STRIP = NO;
				DEBUG_INFORMATION_FORMAT = "dwarf-with-dsym";
				ENABLE_NS_ASSERTIONS = NO;
				ENABLE_STRICT_OBJC_MSGSEND = YES;
				GCC_C_LANGUAGE_STANDARD = gnu11;
				GCC_NO_COMMON_BLOCKS = YES;
				GCC_WARN_64_TO_32_BIT_CONVERSION = YES;
				GCC_WARN_ABOUT_RETURN_TYPE = YES_ERROR;
				GCC_WARN_UNDECLARED_SELECTOR = YES;
				GCC_WARN_UNINITIALIZED_AUTOS = YES_AGGRESSIVE;
				GCC_WARN_UNUSED_FUNCTION = YES;
				GCC_WARN_UNUSED_VARIABLE = YES;
				IPHONEOS_DEPLOYMENT_TARGET = 15.2;
				MTL_ENABLE_DEBUG_INFO = NO;
				MTL_FAST_MATH = YES;
				SDKROOT = iphoneos;
				SWIFT_COMPILATION_MODE = wholemodule;
				SWIFT_OPTIMIZATION_LEVEL = "-O";
				VALIDATE_PRODUCT = YES;
			};
			name = Release;
		};
		F2B33F11278F57FD003DC784 /* Debug */ = {
			isa = XCBuildConfiguration;
			baseConfigurationReference = 1D0830B4886EC8497DB7FE33 /* Pods-ViperTemplateExample.debug.xcconfig */;
			buildSettings = {
				ASSETCATALOG_COMPILER_APPICON_NAME = AppIcon;
				ASSETCATALOG_COMPILER_GLOBAL_ACCENT_COLOR_NAME = AccentColor;
				CODE_SIGN_STYLE = Automatic;
				CURRENT_PROJECT_VERSION = 1;
				DEVELOPMENT_TEAM = MC2W678MVZ;
				GENERATE_INFOPLIST_FILE = YES;
				INFOPLIST_FILE = ViperTemplateExample/Info.plist;
				INFOPLIST_KEY_UIApplicationSupportsIndirectInputEvents = YES;
				INFOPLIST_KEY_UILaunchStoryboardName = LaunchScreen;
				INFOPLIST_KEY_UIMainStoryboardFile = Main;
				INFOPLIST_KEY_UISupportedInterfaceOrientations_iPad = "UIInterfaceOrientationPortrait UIInterfaceOrientationPortraitUpsideDown UIInterfaceOrientationLandscapeLeft UIInterfaceOrientationLandscapeRight";
				INFOPLIST_KEY_UISupportedInterfaceOrientations_iPhone = "UIInterfaceOrientationPortrait UIInterfaceOrientationLandscapeLeft UIInterfaceOrientationLandscapeRight";
				LD_RUNPATH_SEARCH_PATHS = (
					"$(inherited)",
					"@executable_path/Frameworks",
				);
				MARKETING_VERSION = 1.0;
				PRODUCT_BUNDLE_IDENTIFIER = com.nut.ViperTemplateExample;
				PRODUCT_NAME = "$(TARGET_NAME)";
				SWIFT_EMIT_LOC_STRINGS = YES;
				SWIFT_VERSION = 5.0;
				TARGETED_DEVICE_FAMILY = "1,2";
			};
			name = Debug;
		};
		F2B33F12278F57FD003DC784 /* Release */ = {
			isa = XCBuildConfiguration;
			baseConfigurationReference = 4357E06CACD9D5D0FE541FB1 /* Pods-ViperTemplateExample.release.xcconfig */;
			buildSettings = {
				ASSETCATALOG_COMPILER_APPICON_NAME = AppIcon;
				ASSETCATALOG_COMPILER_GLOBAL_ACCENT_COLOR_NAME = AccentColor;
				CODE_SIGN_STYLE = Automatic;
				CURRENT_PROJECT_VERSION = 1;
				DEVELOPMENT_TEAM = MC2W678MVZ;
				GENERATE_INFOPLIST_FILE = YES;
				INFOPLIST_FILE = ViperTemplateExample/Info.plist;
				INFOPLIST_KEY_UIApplicationSupportsIndirectInputEvents = YES;
				INFOPLIST_KEY_UILaunchStoryboardName = LaunchScreen;
				INFOPLIST_KEY_UIMainStoryboardFile = Main;
				INFOPLIST_KEY_UISupportedInterfaceOrientations_iPad = "UIInterfaceOrientationPortrait UIInterfaceOrientationPortraitUpsideDown UIInterfaceOrientationLandscapeLeft UIInterfaceOrientationLandscapeRight";
				INFOPLIST_KEY_UISupportedInterfaceOrientations_iPhone = "UIInterfaceOrientationPortrait UIInterfaceOrientationLandscapeLeft UIInterfaceOrientationLandscapeRight";
				LD_RUNPATH_SEARCH_PATHS = (
					"$(inherited)",
					"@executable_path/Frameworks",
				);
				MARKETING_VERSION = 1.0;
				PRODUCT_BUNDLE_IDENTIFIER = com.nut.ViperTemplateExample;
				PRODUCT_NAME = "$(TARGET_NAME)";
				SWIFT_EMIT_LOC_STRINGS = YES;
				SWIFT_VERSION = 5.0;
				TARGETED_DEVICE_FAMILY = "1,2";
			};
			name = Release;
		};
/* End XCBuildConfiguration section */

/* Begin XCConfigurationList section */
		F2B33EF7278F57FC003DC784 /* Build configuration list for PBXProject "ViperTemplateExample" */ = {
			isa = XCConfigurationList;
			buildConfigurations = (
				F2B33F0E278F57FD003DC784 /* Debug */,
				F2B33F0F278F57FD003DC784 /* Release */,
			);
			defaultConfigurationIsVisible = 0;
			defaultConfigurationName = Release;
		};
		F2B33F10278F57FD003DC784 /* Build configuration list for PBXNativeTarget "ViperTemplateExample" */ = {
			isa = XCConfigurationList;
			buildConfigurations = (
				F2B33F11278F57FD003DC784 /* Debug */,
				F2B33F12278F57FD003DC784 /* Release */,
			);
			defaultConfigurationIsVisible = 0;
			defaultConfigurationName = Release;
		};
/* End XCConfigurationList section */
	};
	rootObject = F2B33EF4278F57FC003DC784 /* Project object */;
}
